
Microsoft Visual Studio Solution File, Format Version 12.00
# Visual Studio Version 16
VisualStudioVersion = 16.0.29519.87
MinimumVisualStudioVersion = 10.0.40219.1
Project("{FAE04EC0-301F-11D3-BF4B-00C04F79EFBC}") = "AdventOfCode2019", "AdventOfCode2019\AdventOfCode2019.csproj", "{2FF25BA3-386F-4163-ADD6-85CA137D9B6C}"
EndProject
Global
	GlobalSection(SolutionConfigurationPlatforms) = preSolution
		Debug|Any CPU = Debug|Any CPU
		Release|Any CPU = Release|Any CPU
	EndGlobalSection
	GlobalSection(ProjectConfigurationPlatforms) = postSolution
		{2FF25BA3-386F-4163-ADD6-85CA137D9B6C}.Debug|Any CPU.ActiveCfg = Debug|Any CPU
		{2FF25BA3-386F-4163-ADD6-85CA137D9B6C}.Debug|Any CPU.Build.0 = Debug|Any CPU
		{2FF25BA3-386F-4163-ADD6-85CA137D9B6C}.Release|Any CPU.ActiveCfg = Release|Any CPU
		{2FF25BA3-386F-4163-ADD6-85CA137D9B6C}.Release|Any CPU.Build.0 = Release|Any CPU
	EndGlobalSection
	GlobalSection(SolutionProperties) = preSolution
		HideSolutionNode = FALSE
	EndGlobalSection
	GlobalSection(ExtensibilityGlobals) = postSolution
		SolutionGuid = {10156549-B23F-4BA0-A53B-9F3C71020E7E}
	EndGlobalSection
EndGlobal
